
Microsoft Visual Studio Solution File, Format Version 12.00
# Visual Studio Version 17
VisualStudioVersion = 17.1.32228.430
MinimumVisualStudioVersion = 10.0.40219.1
Project("{FAE04EC0-301F-11D3-BF4B-00C04F79EFBC}") = "SecretChat", "SecretChat\SecretChat.csproj", "{1BC8A12D-EA6B-467B-B0A5-8E37F05785D4}"
EndProject
Project("{9A19103F-16F7-4668-BE54-9A1E7A4F7556}") = "SecretChatRelay", "SecretChatRelay\SecretChatRelay.csproj", "{23827F6B-CD21-463F-B2C6-31F1EA8B8021}"
EndProject
Global
	GlobalSection(SolutionConfigurationPlatforms) = preSolution
		Debug|Any CPU = Debug|Any CPU
		Release|Any CPU = Release|Any CPU
	EndGlobalSection
	GlobalSection(ProjectConfigurationPlatforms) = postSolution
		{1BC8A12D-EA6B-467B-B0A5-8E37F05785D4}.Debug|Any CPU.ActiveCfg = Debug|Any CPU
		{1BC8A12D-EA6B-467B-B0A5-8E37F05785D4}.Debug|Any CPU.Build.0 = Debug|Any CPU
		{1BC8A12D-EA6B-467B-B0A5-8E37F05785D4}.Release|Any CPU.ActiveCfg = Release|Any CPU
		{1BC8A12D-EA6B-467B-B0A5-8E37F05785D4}.Release|Any CPU.Build.0 = Release|Any CPU
		{23827F6B-CD21-463F-B2C6-31F1EA8B8021}.Debug|Any CPU.ActiveCfg = Debug|Any CPU
		{23827F6B-CD21-463F-B2C6-31F1EA8B8021}.Debug|Any CPU.Build.0 = Debug|Any CPU
		{23827F6B-CD21-463F-B2C6-31F1EA8B8021}.Release|Any CPU.ActiveCfg = Release|Any CPU
		{23827F6B-CD21-463F-B2C6-31F1EA8B8021}.Release|Any CPU.Build.0 = Release|Any CPU
	EndGlobalSection
	GlobalSection(SolutionProperties) = preSolution
		HideSolutionNode = FALSE
	EndGlobalSection
	GlobalSection(ExtensibilityGlobals) = postSolution
		SolutionGuid = {DBDAB4CB-88F5-4059-8DA3-FC48CE547D2F}
	EndGlobalSection
EndGlobal
